// !$*UTF8*$!
{
	archiveVersion = 1;
	classes = {
	};
	objectVersion = 77;
	objects = {

/* Begin PBXBuildFile section */
		16B0C3E12A7628743703349E /* DiaryApp.swift in Sources */ = {isa = PBXBuildFile; fileRef = E3602C212FA0CF313F99C3FE /* DiaryApp.swift */; };
		20CB64F5B4A12278AA6DD7E2 /* NewMoodEntryView.swift in Sources */ = {isa = PBXBuildFile; fileRef = DE6F843B5B12F943D580F66D /* NewMoodEntryView.swift */; };
		232A0DB811791AB215A84E83 /* DiaryLineIcon.swift in Sources */ = {isa = PBXBuildFile; fileRef = 35560E136EBBB572EA27BDDC /* DiaryLineIcon.swift */; };
		2492133E776A2FCA3C883A1E /* MoodJournalView.swift in Sources */ = {isa = PBXBuildFile; fileRef = 6284A7417F6F4E775C212446 /* MoodJournalView.swift */; };
		26EEF36BDA2F7F2EE7884A77 /* JournalEntryPersistenceTests.swift in Sources */ = {isa = PBXBuildFile; fileRef = 9203DF0A1A46041927288D74 /* JournalEntryPersistenceTests.swift */; };
		283755B4C7F0EEE7E5C3BB7C /* RecordKind.swift in Sources */ = {isa = PBXBuildFile; fileRef = 9B7674FA667D8FF29B01AF59 /* RecordKind.swift */; };
		2E0940853C79EE4237C7F7DC /* MentalHealthAssessment.swift in Sources */ = {isa = PBXBuildFile; fileRef = 736D4583B5F462E4F68DE28D /* MentalHealthAssessment.swift */; };
		36AE8A2F7B6A3090E1A4D5DE /* MoodEntry.swift in Sources */ = {isa = PBXBuildFile; fileRef = 787DF0CB09392151B28AD6F7 /* MoodEntry.swift */; };
		3E5B94F0546772124A13DD68 /* AppInfoView.swift in Sources */ = {isa = PBXBuildFile; fileRef = 3115FFDFC83C98AD90565965 /* AppInfoView.swift */; };
		4A2AEF17A679F746F12DCBF0 /* LightSafetyCheckRecord.swift in Sources */ = {isa = PBXBuildFile; fileRef = AC1A4A179C6C5AD18F515F3F /* LightSafetyCheckRecord.swift */; };
		53A7B84421507F3D99562826 /* ArticleCatalogTests.swift in Sources */ = {isa = PBXBuildFile; fileRef = 682278417B0E44A31C491750 /* ArticleCatalogTests.swift */; };
		562D2906B7CC29FA25BCE353 /* MoodEntryDetailView.swift in Sources */ = {isa = PBXBuildFile; fileRef = 51FEEE81C1D7E919F55269F0 /* MoodEntryDetailView.swift */; };
		5655D1670B17C3B244B13747 /* JournalTimelineRow.swift in Sources */ = {isa = PBXBuildFile; fileRef = D30C356F40BD31F517932094 /* JournalTimelineRow.swift */; };
		61F72810EB9AC9861E8AEFF4 /* JournalInsightsSnapshot.swift in Sources */ = {isa = PBXBuildFile; fileRef = C03CA4472E69FC6223102C64 /* JournalInsightsSnapshot.swift */; };
		62A7548D2D916C76230DDD9B /* JournalRecordView.swift in Sources */ = {isa = PBXBuildFile; fileRef = E9CDD149CF611554A8314B4C /* JournalRecordView.swift */; };
		689BEDFD326F61E85F04DE6A /* ArticleListView.swift in Sources */ = {isa = PBXBuildFile; fileRef = FFB67B6060F19002D6ACE327 /* ArticleListView.swift */; };
		75BCDC536D32E3D3CFDECBCC /* SelfCheckDefinition.swift in Sources */ = {isa = PBXBuildFile; fileRef = F15E1EC3B2579EC051B3A25F /* SelfCheckDefinition.swift */; };
		80353EE0C472813C80F63462 /* SelectableButton.swift in Sources */ = {isa = PBXBuildFile; fileRef = 84991957D3523758A1F8DA62 /* SelectableButton.swift */; };
		827E8964EDF0CC0608063A65 /* SafetyCheckPersistence.swift in Sources */ = {isa = PBXBuildFile; fileRef = 87E1EFCF430E699B30EFD918 /* SafetyCheckPersistence.swift */; };
		A555B4254CD7D97D3D8DB44B /* SelfCheckResultView.swift in Sources */ = {isa = PBXBuildFile; fileRef = D5B2238BD2A3C2F4CB378216 /* SelfCheckResultView.swift */; };
		AD6FF373D49AFB0B86D1AE73 /* JournalInsightsSnapshotTests.swift in Sources */ = {isa = PBXBuildFile; fileRef = 1CCD74FC27A630B3F74674F8 /* JournalInsightsSnapshotTests.swift */; };
		AFF1FFB0BCEFE6E9A24D26F9 /* JournalTimelineTests.swift in Sources */ = {isa = PBXBuildFile; fileRef = C753B478DBD664B36A4B1207 /* JournalTimelineTests.swift */; };
		B58896F34741D464B7B41717 /* JournalTimeline.swift in Sources */ = {isa = PBXBuildFile; fileRef = 17495CDEA94E8866453E0700 /* JournalTimeline.swift */; };
		C3B38D0B60A64AFE10058C3F /* ArticleCatalog.swift in Sources */ = {isa = PBXBuildFile; fileRef = AF44C33972213DBDA58F6AB3 /* ArticleCatalog.swift */; };
		C53A79F6835D05DC3AF9FDE3 /* JournalInsightsView.swift in Sources */ = {isa = PBXBuildFile; fileRef = CE2CC58BEA14A62F0C87632E /* JournalInsightsView.swift */; };
		D7DE643C163C3BF78A6EABFB /* SelfCheckDefinitionTests.swift in Sources */ = {isa = PBXBuildFile; fileRef = 30F7A0E8CDED397DF2E5ED10 /* SelfCheckDefinitionTests.swift */; };
		DA92D4526B3ABC5C81922F3D /* JournalEntryDraft.swift in Sources */ = {isa = PBXBuildFile; fileRef = 0FC26E9BDCF336AFC1BF9CA1 /* JournalEntryDraft.swift */; };
		F506CA63349371939BC8FFF0 /* SelfCheckEvidence.swift in Sources */ = {isa = PBXBuildFile; fileRef = 46062127FCC4D4FF7BE17066 /* SelfCheckEvidence.swift */; };
		FFC9005D50FB65471D797435 /* MentalHealthCheckView.swift in Sources */ = {isa = PBXBuildFile; fileRef = 5139FE05F53B4E6DC2309857 /* MentalHealthCheckView.swift */; };
/* End PBXBuildFile section */

/* Begin PBXContainerItemProxy section */
		8C1717150468F36C89C07914 /* PBXContainerItemProxy */ = {
			isa = PBXContainerItemProxy;
			containerPortal = 6752128DC9EEE499D866A243 /* Project object */;
			proxyType = 1;
			remoteGlobalIDString = C010471BE0DE6B3112090CA1;
			remoteInfo = "Science Club Diary";
		};
/* End PBXContainerItemProxy section */

/* Begin PBXFileReference section */
		0FC26E9BDCF336AFC1BF9CA1 /* JournalEntryDraft.swift */ = {isa = PBXFileReference; lastKnownFileType = sourcecode.swift; path = JournalEntryDraft.swift; sourceTree = "<group>"; };
		17495CDEA94E8866453E0700 /* JournalTimeline.swift */ = {isa = PBXFileReference; lastKnownFileType = sourcecode.swift; path = JournalTimeline.swift; sourceTree = "<group>"; };
		1CCD74FC27A630B3F74674F8 /* JournalInsightsSnapshotTests.swift */ = {isa = PBXFileReference; lastKnownFileType = sourcecode.swift; path = JournalInsightsSnapshotTests.swift; sourceTree = "<group>"; };
		30F7A0E8CDED397DF2E5ED10 /* SelfCheckDefinitionTests.swift */ = {isa = PBXFileReference; lastKnownFileType = sourcecode.swift; path = SelfCheckDefinitionTests.swift; sourceTree = "<group>"; };
		3115FFDFC83C98AD90565965 /* AppInfoView.swift */ = {isa = PBXFileReference; lastKnownFileType = sourcecode.swift; path = AppInfoView.swift; sourceTree = "<group>"; };
		35560E136EBBB572EA27BDDC /* DiaryLineIcon.swift */ = {isa = PBXFileReference; lastKnownFileType = sourcecode.swift; path = DiaryLineIcon.swift; sourceTree = "<group>"; };
		46062127FCC4D4FF7BE17066 /* SelfCheckEvidence.swift */ = {isa = PBXFileReference; lastKnownFileType = sourcecode.swift; path = SelfCheckEvidence.swift; sourceTree = "<group>"; };
		5139FE05F53B4E6DC2309857 /* MentalHealthCheckView.swift */ = {isa = PBXFileReference; lastKnownFileType = sourcecode.swift; path = MentalHealthCheckView.swift; sourceTree = "<group>"; };
		51FEEE81C1D7E919F55269F0 /* MoodEntryDetailView.swift */ = {isa = PBXFileReference; lastKnownFileType = sourcecode.swift; path = MoodEntryDetailView.swift; sourceTree = "<group>"; };
		6284A7417F6F4E775C212446 /* MoodJournalView.swift */ = {isa = PBXFileReference; lastKnownFileType = sourcecode.swift; path = MoodJournalView.swift; sourceTree = "<group>"; };
		682278417B0E44A31C491750 /* ArticleCatalogTests.swift */ = {isa = PBXFileReference; lastKnownFileType = sourcecode.swift; path = ArticleCatalogTests.swift; sourceTree = "<group>"; };
		736D4583B5F462E4F68DE28D /* MentalHealthAssessment.swift */ = {isa = PBXFileReference; lastKnownFileType = sourcecode.swift; path = MentalHealthAssessment.swift; sourceTree = "<group>"; };
		787DF0CB09392151B28AD6F7 /* MoodEntry.swift */ = {isa = PBXFileReference; lastKnownFileType = sourcecode.swift; path = MoodEntry.swift; sourceTree = "<group>"; };
		84991957D3523758A1F8DA62 /* SelectableButton.swift */ = {isa = PBXFileReference; lastKnownFileType = sourcecode.swift; path = SelectableButton.swift; sourceTree = "<group>"; };
		87E1EFCF430E699B30EFD918 /* SafetyCheckPersistence.swift */ = {isa = PBXFileReference; lastKnownFileType = sourcecode.swift; path = SafetyCheckPersistence.swift; sourceTree = "<group>"; };
		8ECE76C81883ED0739846B7B /* Science Club DiaryTests.xctest */ = {isa = PBXFileReference; includeInIndex = 0; lastKnownFileType = wrapper.cfbundle; path = "Science Club DiaryTests.xctest"; sourceTree = BUILT_PRODUCTS_DIR; };
		9203DF0A1A46041927288D74 /* JournalEntryPersistenceTests.swift */ = {isa = PBXFileReference; lastKnownFileType = sourcecode.swift; path = JournalEntryPersistenceTests.swift; sourceTree = "<group>"; };
		9B7674FA667D8FF29B01AF59 /* RecordKind.swift */ = {isa = PBXFileReference; lastKnownFileType = sourcecode.swift; path = RecordKind.swift; sourceTree = "<group>"; };
		9E9F747607977F6DE87AC4BC /* Science Club Diary.app */ = {isa = PBXFileReference; includeInIndex = 0; lastKnownFileType = wrapper.application; path = "Science Club Diary.app"; sourceTree = BUILT_PRODUCTS_DIR; };
		AC1A4A179C6C5AD18F515F3F /* LightSafetyCheckRecord.swift */ = {isa = PBXFileReference; lastKnownFileType = sourcecode.swift; path = LightSafetyCheckRecord.swift; sourceTree = "<group>"; };
		AF44C33972213DBDA58F6AB3 /* ArticleCatalog.swift */ = {isa = PBXFileReference; lastKnownFileType = sourcecode.swift; path = ArticleCatalog.swift; sourceTree = "<group>"; };
		C03CA4472E69FC6223102C64 /* JournalInsightsSnapshot.swift */ = {isa = PBXFileReference; lastKnownFileType = sourcecode.swift; path = JournalInsightsSnapshot.swift; sourceTree = "<group>"; };
		C753B478DBD664B36A4B1207 /* JournalTimelineTests.swift */ = {isa = PBXFileReference; lastKnownFileType = sourcecode.swift; path = JournalTimelineTests.swift; sourceTree = "<group>"; };
		CE2CC58BEA14A62F0C87632E /* JournalInsightsView.swift */ = {isa = PBXFileReference; lastKnownFileType = sourcecode.swift; path = JournalInsightsView.swift; sourceTree = "<group>"; };
		D30C356F40BD31F517932094 /* JournalTimelineRow.swift */ = {isa = PBXFileReference; lastKnownFileType = sourcecode.swift; path = JournalTimelineRow.swift; sourceTree = "<group>"; };
		D5B2238BD2A3C2F4CB378216 /* SelfCheckResultView.swift */ = {isa = PBXFileReference; lastKnownFileType = sourcecode.swift; path = SelfCheckResultView.swift; sourceTree = "<group>"; };
		DE6F843B5B12F943D580F66D /* NewMoodEntryView.swift */ = {isa = PBXFileReference; lastKnownFileType = sourcecode.swift; path = NewMoodEntryView.swift; sourceTree = "<group>"; };
		E3602C212FA0CF313F99C3FE /* DiaryApp.swift */ = {isa = PBXFileReference; lastKnownFileType = sourcecode.swift; path = DiaryApp.swift; sourceTree = "<group>"; };
		E9CDD149CF611554A8314B4C /* JournalRecordView.swift */ = {isa = PBXFileReference; lastKnownFileType = sourcecode.swift; path = JournalRecordView.swift; sourceTree = "<group>"; };
		F15E1EC3B2579EC051B3A25F /* SelfCheckDefinition.swift */ = {isa = PBXFileReference; lastKnownFileType = sourcecode.swift; path = SelfCheckDefinition.swift; sourceTree = "<group>"; };
		FFB67B6060F19002D6ACE327 /* ArticleListView.swift */ = {isa = PBXFileReference; lastKnownFileType = sourcecode.swift; path = ArticleListView.swift; sourceTree = "<group>"; };
/* End PBXFileReference section */

/* Begin PBXGroup section */
		466CA381E77D0844026D5FAC /* Tests */ = {
			isa = PBXGroup;
			children = (
				877683AD2EB92AAA0D11D390 /* ScienceClubDiaryTests */,
			);
			path = Tests;
			sourceTree = "<group>";
		};
		80CA678744417BD68760E4D0 /* Diary */ = {
			isa = PBXGroup;
			children = (
				3115FFDFC83C98AD90565965 /* AppInfoView.swift */,
				AF44C33972213DBDA58F6AB3 /* ArticleCatalog.swift */,
				FFB67B6060F19002D6ACE327 /* ArticleListView.swift */,
				E3602C212FA0CF313F99C3FE /* DiaryApp.swift */,
				35560E136EBBB572EA27BDDC /* DiaryLineIcon.swift */,
				0FC26E9BDCF336AFC1BF9CA1 /* JournalEntryDraft.swift */,
				C03CA4472E69FC6223102C64 /* JournalInsightsSnapshot.swift */,
				CE2CC58BEA14A62F0C87632E /* JournalInsightsView.swift */,
				E9CDD149CF611554A8314B4C /* JournalRecordView.swift */,
				17495CDEA94E8866453E0700 /* JournalTimeline.swift */,
				D30C356F40BD31F517932094 /* JournalTimelineRow.swift */,
				AC1A4A179C6C5AD18F515F3F /* LightSafetyCheckRecord.swift */,
				736D4583B5F462E4F68DE28D /* MentalHealthAssessment.swift */,
				5139FE05F53B4E6DC2309857 /* MentalHealthCheckView.swift */,
				787DF0CB09392151B28AD6F7 /* MoodEntry.swift */,
				51FEEE81C1D7E919F55269F0 /* MoodEntryDetailView.swift */,
				6284A7417F6F4E775C212446 /* MoodJournalView.swift */,
				DE6F843B5B12F943D580F66D /* NewMoodEntryView.swift */,
				9B7674FA667D8FF29B01AF59 /* RecordKind.swift */,
				87E1EFCF430E699B30EFD918 /* SafetyCheckPersistence.swift */,
				84991957D3523758A1F8DA62 /* SelectableButton.swift */,
				F15E1EC3B2579EC051B3A25F /* SelfCheckDefinition.swift */,
				46062127FCC4D4FF7BE17066 /* SelfCheckEvidence.swift */,
				D5B2238BD2A3C2F4CB378216 /* SelfCheckResultView.swift */,
			);
			path = Diary;
			sourceTree = "<group>";
		};
		877683AD2EB92AAA0D11D390 /* ScienceClubDiaryTests */ = {
			isa = PBXGroup;
			children = (
				682278417B0E44A31C491750 /* ArticleCatalogTests.swift */,
				9203DF0A1A46041927288D74 /* JournalEntryPersistenceTests.swift */,
				1CCD74FC27A630B3F74674F8 /* JournalInsightsSnapshotTests.swift */,
				C753B478DBD664B36A4B1207 /* JournalTimelineTests.swift */,
				30F7A0E8CDED397DF2E5ED10 /* SelfCheckDefinitionTests.swift */,
			);
			path = ScienceClubDiaryTests;
			sourceTree = "<group>";
		};
		C1C35612FBFB7610EED2EFE0 /* Products */ = {
			isa = PBXGroup;
			children = (
				9E9F747607977F6DE87AC4BC /* Science Club Diary.app */,
				8ECE76C81883ED0739846B7B /* Science Club DiaryTests.xctest */,
			);
			name = Products;
			sourceTree = "<group>";
		};
		E43218F05D60361EBCF0FB22 = {
			isa = PBXGroup;
			children = (
				80CA678744417BD68760E4D0 /* Diary */,
				466CA381E77D0844026D5FAC /* Tests */,
				C1C35612FBFB7610EED2EFE0 /* Products */,
			);
			sourceTree = "<group>";
		};
/* End PBXGroup section */

/* Begin PBXNativeTarget section */
		463149E47BC3377E1AE85EC2 /* Science Club DiaryTests */ = {
			isa = PBXNativeTarget;
			buildConfigurationList = 90FD518A8AA669F27F1CFEE7 /* Build configuration list for PBXNativeTarget "Science Club DiaryTests" */;
			buildPhases = (
				990BF6170690AF22D7DBF172 /* Sources */,
			);
			buildRules = (
			);
			dependencies = (
				90A19ACE298E245E902B0278 /* PBXTargetDependency */,
			);
			name = "Science Club DiaryTests";
			packageProductDependencies = (
			);
			productName = "Science Club DiaryTests";
			productReference = 8ECE76C81883ED0739846B7B /* Science Club DiaryTests.xctest */;
			productType = "com.apple.product-type.bundle.unit-test";
		};
		C010471BE0DE6B3112090CA1 /* Science Club Diary */ = {
			isa = PBXNativeTarget;
			buildConfigurationList = B9A8E634D38B68AAFFCAB2FC /* Build configuration list for PBXNativeTarget "Science Club Diary" */;
			buildPhases = (
				6278F39CE478D76E5530B0BF /* Sources */,
			);
			buildRules = (
			);
			dependencies = (
			);
			name = "Science Club Diary";
			packageProductDependencies = (
			);
			productName = "Science Club Diary";
			productReference = 9E9F747607977F6DE87AC4BC /* Science Club Diary.app */;
			productType = "com.apple.product-type.application";
		};
/* End PBXNativeTarget section */

/* Begin PBXProject section */
		6752128DC9EEE499D866A243 /* Project object */ = {
			isa = PBXProject;
			attributes = {
				BuildIndependentTargetsInParallel = YES;
				LastUpgradeCheck = 1430;
				TargetAttributes = {
					C010471BE0DE6B3112090CA1 = {
						DevelopmentTeam = 34CN68272C;
					};
				};
			};
			buildConfigurationList = 32BA916CF741901EEBAD698B /* Build configuration list for PBXProject "Science Club Diary" */;
			developmentRegion = en;
			hasScannedForEncodings = 0;
			knownRegions = (
				Base,
				en,
			);
			mainGroup = E43218F05D60361EBCF0FB22;
			minimizedProjectReferenceProxies = 1;
			preferredProjectObjectVersion = 77;
			productRefGroup = C1C35612FBFB7610EED2EFE0 /* Products */;
			projectDirPath = "";
			projectRoot = "";
			targets = (
				C010471BE0DE6B3112090CA1 /* Science Club Diary */,
				463149E47BC3377E1AE85EC2 /* Science Club DiaryTests */,
			);
		};
/* End PBXProject section */

/* Begin PBXSourcesBuildPhase section */
		6278F39CE478D76E5530B0BF /* Sources */ = {
			isa = PBXSourcesBuildPhase;
			buildActionMask = 2147483647;
			files = (
				3E5B94F0546772124A13DD68 /* AppInfoView.swift in Sources */,
				C3B38D0B60A64AFE10058C3F /* ArticleCatalog.swift in Sources */,
				689BEDFD326F61E85F04DE6A /* ArticleListView.swift in Sources */,
				16B0C3E12A7628743703349E /* DiaryApp.swift in Sources */,
				232A0DB811791AB215A84E83 /* DiaryLineIcon.swift in Sources */,
				DA92D4526B3ABC5C81922F3D /* JournalEntryDraft.swift in Sources */,
				61F72810EB9AC9861E8AEFF4 /* JournalInsightsSnapshot.swift in Sources */,
				C53A79F6835D05DC3AF9FDE3 /* JournalInsightsView.swift in Sources */,
				62A7548D2D916C76230DDD9B /* JournalRecordView.swift in Sources */,
				B58896F34741D464B7B41717 /* JournalTimeline.swift in Sources */,
				5655D1670B17C3B244B13747 /* JournalTimelineRow.swift in Sources */,
				4A2AEF17A679F746F12DCBF0 /* LightSafetyCheckRecord.swift in Sources */,
				2E0940853C79EE4237C7F7DC /* MentalHealthAssessment.swift in Sources */,
				FFC9005D50FB65471D797435 /* MentalHealthCheckView.swift in Sources */,
				36AE8A2F7B6A3090E1A4D5DE /* MoodEntry.swift in Sources */,
				562D2906B7CC29FA25BCE353 /* MoodEntryDetailView.swift in Sources */,
				2492133E776A2FCA3C883A1E /* MoodJournalView.swift in Sources */,
				20CB64F5B4A12278AA6DD7E2 /* NewMoodEntryView.swift in Sources */,
				283755B4C7F0EEE7E5C3BB7C /* RecordKind.swift in Sources */,
				827E8964EDF0CC0608063A65 /* SafetyCheckPersistence.swift in Sources */,
				80353EE0C472813C80F63462 /* SelectableButton.swift in Sources */,
				75BCDC536D32E3D3CFDECBCC /* SelfCheckDefinition.swift in Sources */,
				F506CA63349371939BC8FFF0 /* SelfCheckEvidence.swift in Sources */,
				A555B4254CD7D97D3D8DB44B /* SelfCheckResultView.swift in Sources */,
			);
			runOnlyForDeploymentPostprocessing = 0;
		};
		990BF6170690AF22D7DBF172 /* Sources */ = {
			isa = PBXSourcesBuildPhase;
			buildActionMask = 2147483647;
			files = (
				53A7B84421507F3D99562826 /* ArticleCatalogTests.swift in Sources */,
				26EEF36BDA2F7F2EE7884A77 /* JournalEntryPersistenceTests.swift in Sources */,
				AD6FF373D49AFB0B86D1AE73 /* JournalInsightsSnapshotTests.swift in Sources */,
				AFF1FFB0BCEFE6E9A24D26F9 /* JournalTimelineTests.swift in Sources */,
				D7DE643C163C3BF78A6EABFB /* SelfCheckDefinitionTests.swift in Sources */,
			);
			runOnlyForDeploymentPostprocessing = 0;
		};
/* End PBXSourcesBuildPhase section */

/* Begin PBXTargetDependency section */
		90A19ACE298E245E902B0278 /* PBXTargetDependency */ = {
			isa = PBXTargetDependency;
			target = C010471BE0DE6B3112090CA1 /* Science Club Diary */;
			targetProxy = 8C1717150468F36C89C07914 /* PBXContainerItemProxy */;
		};
/* End PBXTargetDependency section */

/* Begin XCBuildConfiguration section */
		18EC6CCFC5EA2956FD59AB5A /* Debug */ = {
			isa = XCBuildConfiguration;
			buildSettings = {
				ALWAYS_SEARCH_USER_PATHS = NO;
				CLANG_ANALYZER_NONNULL = YES;
				CLANG_ANALYZER_NUMBER_OBJECT_CONVERSION = YES_AGGRESSIVE;
				CLANG_CXX_LANGUAGE_STANDARD = "gnu++14";
				CLANG_CXX_LIBRARY = "libc++";
				CLANG_ENABLE_MODULES = YES;
				CLANG_ENABLE_OBJC_ARC = YES;
				CLANG_ENABLE_OBJC_WEAK = YES;
				CLANG_WARN_BLOCK_CAPTURE_AUTORELEASING = YES;
				CLANG_WARN_BOOL_CONVERSION = YES;
				CLANG_WARN_COMMA = YES;
				CLANG_WARN_CONSTANT_CONVERSION = YES;
				CLANG_WARN_DEPRECATED_OBJC_IMPLEMENTATIONS = YES;
				CLANG_WARN_DIRECT_OBJC_ISA_USAGE = YES_ERROR;
				CLANG_WARN_DOCUMENTATION_COMMENTS = YES;
				CLANG_WARN_EMPTY_BODY = YES;
				CLANG_WARN_ENUM_CONVERSION = YES;
				CLANG_WARN_INFINITE_RECURSION = YES;
				CLANG_WARN_INT_CONVERSION = YES;
				CLANG_WARN_NON_LITERAL_NULL_CONVERSION = YES;
				CLANG_WARN_OBJC_IMPLICIT_RETAIN_SELF = YES;
				CLANG_WARN_OBJC_LITERAL_CONVERSION = YES;
				CLANG_WARN_OBJC_ROOT_CLASS = YES_ERROR;
				CLANG_WARN_QUOTED_INCLUDE_IN_FRAMEWORK_HEADER = YES;
				CLANG_WARN_RANGE_LOOP_ANALYSIS = YES;
				CLANG_WARN_STRICT_PROTOTYPES = YES;
				CLANG_WARN_SUSPICIOUS_MOVE = YES;
				CLANG_WARN_UNGUARDED_AVAILABILITY = YES_AGGRESSIVE;
				CLANG_WARN_UNREACHABLE_CODE = YES;
				CLANG_WARN__DUPLICATE_METHOD_MATCH = YES;
				COPY_PHASE_STRIP = NO;
				DEBUG_INFORMATION_FORMAT = dwarf;
				ENABLE_STRICT_OBJC_MSGSEND = YES;
				ENABLE_TESTABILITY = YES;
				GCC_C_LANGUAGE_STANDARD = gnu11;
				GCC_DYNAMIC_NO_PIC = NO;
				GCC_NO_COMMON_BLOCKS = YES;
				GCC_OPTIMIZATION_LEVEL = 0;
				GCC_PREPROCESSOR_DEFINITIONS = (
					"$(inherited)",
					"DEBUG=1",
				);
				GCC_WARN_64_TO_32_BIT_CONVERSION = YES;
				GCC_WARN_ABOUT_RETURN_TYPE = YES_ERROR;
				GCC_WARN_UNDECLARED_SELECTOR = YES;
				GCC_WARN_UNINITIALIZED_AUTOS = YES_AGGRESSIVE;
				GCC_WARN_UNUSED_FUNCTION = YES;
				GCC_WARN_UNUSED_VARIABLE = YES;
				IPHONEOS_DEPLOYMENT_TARGET = 18.1;
				MTL_ENABLE_DEBUG_INFO = INCLUDE_SOURCE;
				MTL_FAST_MATH = YES;
				ONLY_ACTIVE_ARCH = YES;
				PRODUCT_NAME = "$(TARGET_NAME)";
				SDKROOT = iphoneos;
				SWIFT_ACTIVE_COMPILATION_CONDITIONS = DEBUG;
				SWIFT_OPTIMIZATION_LEVEL = "-Onone";
				SWIFT_VERSION = 5.0;
			};
			name = Debug;
		};
		3CD3E4F25E6EF1E8F1D851F3 /* Debug */ = {
			isa = XCBuildConfiguration;
			buildSettings = {
				ASSETCATALOG_COMPILER_APPICON_NAME = AppIcon;
				CODE_SIGN_IDENTITY = "iPhone Developer";
				CURRENT_PROJECT_VERSION = 1;
				DERIVE_MACCATALYST_PRODUCT_BUNDLE_IDENTIFIER = NO;
				DEVELOPMENT_TEAM = 34CN68272C;
				GENERATE_INFOPLIST_FILE = YES;
				INFOPLIST_KEY_CFBundleDisplayName = "Science Club Diary";
				INFOPLIST_KEY_LSApplicationCategoryType = "public.app-category.lifestyle";
				INFOPLIST_KEY_UIApplicationSceneManifest_Generation = YES;
				INFOPLIST_KEY_UIApplicationSupportsIndirectInputEvents = YES;
				INFOPLIST_KEY_UILaunchScreen_Generation = YES;
				LD_RUNPATH_SEARCH_PATHS = (
					"$(inherited)",
					"@executable_path/Frameworks",
				);
				MARKETING_VERSION = 1.0;
				PRODUCT_BUNDLE_IDENTIFIER = viuk.scienceclub.diary;
				SDKROOT = iphoneos;
				SUPPORTS_LAUNCH_SCREEN = YES;
				SUPPORTS_MACCATALYST = YES;
				SUPPORTS_MAC_DESIGNED_FOR_IPHONE_IPAD = NO;
				SWIFT_OPTIMIZATION_LEVEL = "-Onone";
				SWIFT_VERSION = 5.9;
				TARGETED_DEVICE_FAMILY = "1,2";
			};
			name = Debug;
		};
		6CA4B2A4C4F6FCA9DADC8022 /* Release */ = {
			isa = XCBuildConfiguration;
			buildSettings = {
				ASSETCATALOG_COMPILER_APPICON_NAME = AppIcon;
				CODE_SIGN_IDENTITY = "iPhone Developer";
				CURRENT_PROJECT_VERSION = 1;
				DERIVE_MACCATALYST_PRODUCT_BUNDLE_IDENTIFIER = NO;
				DEVELOPMENT_TEAM = 34CN68272C;
				GENERATE_INFOPLIST_FILE = YES;
				INFOPLIST_KEY_CFBundleDisplayName = "Science Club Diary";
				INFOPLIST_KEY_LSApplicationCategoryType = "public.app-category.lifestyle";
				INFOPLIST_KEY_UIApplicationSceneManifest_Generation = YES;
				INFOPLIST_KEY_UIApplicationSupportsIndirectInputEvents = YES;
				INFOPLIST_KEY_UILaunchScreen_Generation = YES;
				LD_RUNPATH_SEARCH_PATHS = (
					"$(inherited)",
					"@executable_path/Frameworks",
				);
				MARKETING_VERSION = 1.0;
				PRODUCT_BUNDLE_IDENTIFIER = viuk.scienceclub.diary;
				SDKROOT = iphoneos;
				SUPPORTS_LAUNCH_SCREEN = YES;
				SUPPORTS_MACCATALYST = YES;
				SUPPORTS_MAC_DESIGNED_FOR_IPHONE_IPAD = NO;
				SWIFT_OPTIMIZATION_LEVEL = "-O";
				SWIFT_VERSION = 5.9;
				TARGETED_DEVICE_FAMILY = "1,2";
			};
			name = Release;
		};
		8338565D9856F2620D76920E /* Release */ = {
			isa = XCBuildConfiguration;
			buildSettings = {
				BUNDLE_LOADER = "$(TEST_HOST)";
				GENERATE_INFOPLIST_FILE = YES;
				IPHONEOS_DEPLOYMENT_TARGET = 18.1;
				LD_RUNPATH_SEARCH_PATHS = (
					"$(inherited)",
					"@executable_path/Frameworks",
					"@loader_path/Frameworks",
				);
				PRODUCT_BUNDLE_IDENTIFIER = viuk.scienceclub.diary.tests;
				SDKROOT = iphoneos;
				TARGETED_DEVICE_FAMILY = "1,2";
				TEST_HOST = "$(BUILT_PRODUCTS_DIR)/Science Club Diary.app/Science Club Diary";
			};
			name = Release;
		};
		86FE7BD6738DC129B00986B7 /* Debug */ = {
			isa = XCBuildConfiguration;
			buildSettings = {
				BUNDLE_LOADER = "$(TEST_HOST)";
				GENERATE_INFOPLIST_FILE = YES;
				IPHONEOS_DEPLOYMENT_TARGET = 18.1;
				LD_RUNPATH_SEARCH_PATHS = (
					"$(inherited)",
					"@executable_path/Frameworks",
					"@loader_path/Frameworks",
				);
				PRODUCT_BUNDLE_IDENTIFIER = viuk.scienceclub.diary.tests;
				SDKROOT = iphoneos;
				TARGETED_DEVICE_FAMILY = "1,2";
				TEST_HOST = "$(BUILT_PRODUCTS_DIR)/Science Club Diary.app/Science Club Diary";
			};
			name = Debug;
		};
		BC0D62F90BC8525BEA842772 /* Release */ = {
			isa = XCBuildConfiguration;
			buildSettings = {
				ALWAYS_SEARCH_USER_PATHS = NO;
				CLANG_ANALYZER_NONNULL = YES;
				CLANG_ANALYZER_NUMBER_OBJECT_CONVERSION = YES_AGGRESSIVE;
				CLANG_CXX_LANGUAGE_STANDARD = "gnu++14";
				CLANG_CXX_LIBRARY = "libc++";
				CLANG_ENABLE_MODULES = YES;
				CLANG_ENABLE_OBJC_ARC = YES;
				CLANG_ENABLE_OBJC_WEAK = YES;
				CLANG_WARN_BLOCK_CAPTURE_AUTORELEASING = YES;
				CLANG_WARN_BOOL_CONVERSION = YES;
				CLANG_WARN_COMMA = YES;
				CLANG_WARN_CONSTANT_CONVERSION = YES;
				CLANG_WARN_DEPRECATED_OBJC_IMPLEMENTATIONS = YES;
				CLANG_WARN_DIRECT_OBJC_ISA_USAGE = YES_ERROR;
				CLANG_WARN_DOCUMENTATION_COMMENTS = YES;
				CLANG_WARN_EMPTY_BODY = YES;
				CLANG_WARN_ENUM_CONVERSION = YES;
				CLANG_WARN_INFINITE_RECURSION = YES;
				CLANG_WARN_INT_CONVERSION = YES;
				CLANG_WARN_NON_LITERAL_NULL_CONVERSION = YES;
				CLANG_WARN_OBJC_IMPLICIT_RETAIN_SELF = YES;
				CLANG_WARN_OBJC_LITERAL_CONVERSION = YES;
				CLANG_WARN_OBJC_ROOT_CLASS = YES_ERROR;
				CLANG_WARN_QUOTED_INCLUDE_IN_FRAMEWORK_HEADER = YES;
				CLANG_WARN_RANGE_LOOP_ANALYSIS = YES;
				CLANG_WARN_STRICT_PROTOTYPES = YES;
				CLANG_WARN_SUSPICIOUS_MOVE = YES;
				CLANG_WARN_UNGUARDED_AVAILABILITY = YES_AGGRESSIVE;
				CLANG_WARN_UNREACHABLE_CODE = YES;
				CLANG_WARN__DUPLICATE_METHOD_MATCH = YES;
				COPY_PHASE_STRIP = NO;
				DEBUG_INFORMATION_FORMAT = "dwarf-with-dsym";
				ENABLE_NS_ASSERTIONS = NO;
				ENABLE_STRICT_OBJC_MSGSEND = YES;
				GCC_C_LANGUAGE_STANDARD = gnu11;
				GCC_NO_COMMON_BLOCKS = YES;
				GCC_WARN_64_TO_32_BIT_CONVERSION = YES;
				GCC_WARN_ABOUT_RETURN_TYPE = YES_ERROR;
				GCC_WARN_UNDECLARED_SELECTOR = YES;
				GCC_WARN_UNINITIALIZED_AUTOS = YES_AGGRESSIVE;
				GCC_WARN_UNUSED_FUNCTION = YES;
				GCC_WARN_UNUSED_VARIABLE = YES;
				IPHONEOS_DEPLOYMENT_TARGET = 18.1;
				MTL_ENABLE_DEBUG_INFO = NO;
				MTL_FAST_MATH = YES;
				PRODUCT_NAME = "$(TARGET_NAME)";
				SDKROOT = iphoneos;
				SWIFT_COMPILATION_MODE = wholemodule;
				SWIFT_OPTIMIZATION_LEVEL = "-O";
				SWIFT_VERSION = 5.0;
			};
			name = Release;
		};
/* End XCBuildConfiguration section */

/* Begin XCConfigurationList section */
		32BA916CF741901EEBAD698B /* Build configuration list for PBXProject "Science Club Diary" */ = {
			isa = XCConfigurationList;
			buildConfigurations = (
				18EC6CCFC5EA2956FD59AB5A /* Debug */,
				BC0D62F90BC8525BEA842772 /* Release */,
			);
			defaultConfigurationIsVisible = 0;
			defaultConfigurationName = Debug;
		};
		90FD518A8AA669F27F1CFEE7 /* Build configuration list for PBXNativeTarget "Science Club DiaryTests" */ = {
			isa = XCConfigurationList;
			buildConfigurations = (
				86FE7BD6738DC129B00986B7 /* Debug */,
				8338565D9856F2620D76920E /* Release */,
			);
			defaultConfigurationIsVisible = 0;
			defaultConfigurationName = Debug;
		};
		B9A8E634D38B68AAFFCAB2FC /* Build configuration list for PBXNativeTarget "Science Club Diary" */ = {
			isa = XCConfigurationList;
			buildConfigurations = (
				3CD3E4F25E6EF1E8F1D851F3 /* Debug */,
				6CA4B2A4C4F6FCA9DADC8022 /* Release */,
			);
			defaultConfigurationIsVisible = 0;
			defaultConfigurationName = Debug;
		};
/* End XCConfigurationList section */
	};
	rootObject = 6752128DC9EEE499D866A243 /* Project object */;
}
